{
  "name": "agro",
  "version": "0.1.0",
  "lockfileVersion": 3,
  "requires": true,
  "packages": {
    "": {
      "name": "agro",
      "version": "0.1.0",
      "license": "MIT",
      "workspaces": [
        "apps/api",
        "apps/web",
        "packages/shared-types"
      ],
      "engines": {
        "node": ">=20.0.0",
        "npm": ">=10.0.0"
      }
    },
    "node_modules/@agro/shared-types": {
      "resolved": "packages/shared-types",
      "link": true
    },
    "packages/shared-types": {
      "name": "@agro/shared-types",
      "version": "1.0.0"
    }
  }
}
